
Microsoft Visual Studio Solution File, Format Version 12.00
# Visual Studio Version 16
VisualStudioVersion = 16.0.810.9
MinimumVisualStudioVersion = 10.0.40219.1
Project("{FAE04EC0-301F-11D3-BF4B-00C04F79EFBC}") = "MigrationApp", "MigrationApp\MigrationApp.csproj", "{22BC08C6-D45F-4303-9A85-A773A3434EDA}"
EndProject
Global
	GlobalSection(SolutionConfigurationPlatforms) = preSolution
		Debug|Any CPU = Debug|Any CPU
		Release|Any CPU = Release|Any CPU
	EndGlobalSection
	GlobalSection(ProjectConfigurationPlatforms) = postSolution
		{22BC08C6-D45F-4303-9A85-A773A3434EDA}.Debug|Any CPU.ActiveCfg = Debug|Any CPU
		{22BC08C6-D45F-4303-9A85-A773A3434EDA}.Debug|Any CPU.Build.0 = Debug|Any CPU
		{22BC08C6-D45F-4303-9A85-A773A3434EDA}.Release|Any CPU.ActiveCfg = Release|Any CPU
		{22BC08C6-D45F-4303-9A85-A773A3434EDA}.Release|Any CPU.Build.0 = Release|Any CPU
	EndGlobalSection
	GlobalSection(SolutionProperties) = preSolution
		HideSolutionNode = FALSE
	EndGlobalSection
	GlobalSection(ExtensibilityGlobals) = postSolution
		SolutionGuid = {E34AAFB1-B8E5-4687-BE25-E6437825C682}
	EndGlobalSection
EndGlobal
